{
  "originHash" : "6aa4097e4a2c4bce8198539f7f570f456e05bbabda4b02482e938f5f0e646cd1",
  "pins" : [
    {
      "identity" : "swiftapiclient",
      "kind" : "remoteSourceControl",
      "location" : "https://github.com/jmarkIT/SwiftAPIClient.git",
      "state" : {
        "branch" : "main",
        "revision" : "ffa4d01ee9f64b676a7fab3ef36c34f0804fdb60"
      }
    }
  ],
  "version" : 3
}
